// !$*UTF8*$!
{
	archiveVersion = 1;
	classes = {
	};
	objectVersion = 56;
	objects = {

/* Begin PBXBuildFile section */
		6474B69D2AF18ED0003B72DF /* SearchViewModel.swift in Sources */ = {isa = PBXBuildFile; fileRef = 6474B69C2AF18ED0003B72DF /* SearchViewModel.swift */; };
		648FDD622AEFBC70001CC031 /* TrendingCell.swift in Sources */ = {isa = PBXBuildFile; fileRef = 648FDD612AEFBC70001CC031 /* TrendingCell.swift */; };
		648FDD682AEFCD3C001CC031 /* SearchController.swift in Sources */ = {isa = PBXBuildFile; fileRef = 648FDD672AEFCD3C001CC031 /* SearchController.swift */; };
		648FDD722AEFCDFA001CC031 /* ProfileController.swift in Sources */ = {isa = PBXBuildFile; fileRef = 648FDD712AEFCDFA001CC031 /* ProfileController.swift */; };
		648FDD742AEFCE05001CC031 /* SavedController.swift in Sources */ = {isa = PBXBuildFile; fileRef = 648FDD732AEFCE05001CC031 /* SavedController.swift */; };
		648FDD762AEFD14C001CC031 /* PopularCell.swift in Sources */ = {isa = PBXBuildFile; fileRef = 648FDD752AEFD14C001CC031 /* PopularCell.swift */; };
		64AE92B72AEFE54000969959 /* NetworkManager.swift in Sources */ = {isa = PBXBuildFile; fileRef = 64AE92B62AEFE54000969959 /* NetworkManager.swift */; };
		64AE92B92AEFE61600969959 /* Constants.swift in Sources */ = {isa = PBXBuildFile; fileRef = 64AE92B82AEFE61600969959 /* Constants.swift */; };
		64AE92BB2AF036BD00969959 /* Trending.swift in Sources */ = {isa = PBXBuildFile; fileRef = 64AE92BA2AF036BD00969959 /* Trending.swift */; };
		64AE92BD2AF11E1400969959 /* HomeViewModel.swift in Sources */ = {isa = PBXBuildFile; fileRef = 64AE92BC2AF11E1400969959 /* HomeViewModel.swift */; };
		64AE92C32AF1208F00969959 /* Kingfisher in Frameworks */ = {isa = PBXBuildFile; productRef = 64AE92C22AF1208F00969959 /* Kingfisher */; };
		64FCA4382AC8AE3800C0102F /* AppDelegate.swift in Sources */ = {isa = PBXBuildFile; fileRef = 64FCA4372AC8AE3800C0102F /* AppDelegate.swift */; };
		64FCA43A2AC8AE3800C0102F /* SceneDelegate.swift in Sources */ = {isa = PBXBuildFile; fileRef = 64FCA4392AC8AE3800C0102F /* SceneDelegate.swift */; };
		64FCA43C2AC8AE3800C0102F /* ViewController.swift in Sources */ = {isa = PBXBuildFile; fileRef = 64FCA43B2AC8AE3800C0102F /* ViewController.swift */; };
		64FCA4412AC8AE3A00C0102F /* Assets.xcassets in Resources */ = {isa = PBXBuildFile; fileRef = 64FCA4402AC8AE3A00C0102F /* Assets.xcassets */; };
		64FCA4442AC8AE3A00C0102F /* LaunchScreen.storyboard in Resources */ = {isa = PBXBuildFile; fileRef = 64FCA4422AC8AE3A00C0102F /* LaunchScreen.storyboard */; };
		64FCA4532AC8B42100C0102F /* HomeController.swift in Sources */ = {isa = PBXBuildFile; fileRef = 64FCA4522AC8B42100C0102F /* HomeController.swift */; };
		64FCA4552AC8BAB700C0102F /* ReusableView.swift in Sources */ = {isa = PBXBuildFile; fileRef = 64FCA4542AC8BAB700C0102F /* ReusableView.swift */; };
/* End PBXBuildFile section */

/* Begin PBXFileReference section */
		6474B69C2AF18ED0003B72DF /* SearchViewModel.swift */ = {isa = PBXFileReference; lastKnownFileType = sourcecode.swift; path = SearchViewModel.swift; sourceTree = "<group>"; };
		648FDD612AEFBC70001CC031 /* TrendingCell.swift */ = {isa = PBXFileReference; lastKnownFileType = sourcecode.swift; path = TrendingCell.swift; sourceTree = "<group>"; };
		648FDD672AEFCD3C001CC031 /* SearchController.swift */ = {isa = PBXFileReference; lastKnownFileType = sourcecode.swift; path = SearchController.swift; sourceTree = "<group>"; };
		648FDD712AEFCDFA001CC031 /* ProfileController.swift */ = {isa = PBXFileReference; lastKnownFileType = sourcecode.swift; path = ProfileController.swift; sourceTree = "<group>"; };
		648FDD732AEFCE05001CC031 /* SavedController.swift */ = {isa = PBXFileReference; lastKnownFileType = sourcecode.swift; path = SavedController.swift; sourceTree = "<group>"; };
		648FDD752AEFD14C001CC031 /* PopularCell.swift */ = {isa = PBXFileReference; lastKnownFileType = sourcecode.swift; path = PopularCell.swift; sourceTree = "<group>"; };
		64AE92B62AEFE54000969959 /* NetworkManager.swift */ = {isa = PBXFileReference; lastKnownFileType = sourcecode.swift; path = NetworkManager.swift; sourceTree = "<group>"; };
		64AE92B82AEFE61600969959 /* Constants.swift */ = {isa = PBXFileReference; lastKnownFileType = sourcecode.swift; path = Constants.swift; sourceTree = "<group>"; };
		64AE92BA2AF036BD00969959 /* Trending.swift */ = {isa = PBXFileReference; lastKnownFileType = sourcecode.swift; path = Trending.swift; sourceTree = "<group>"; };
		64AE92BC2AF11E1400969959 /* HomeViewModel.swift */ = {isa = PBXFileReference; lastKnownFileType = sourcecode.swift; path = HomeViewModel.swift; sourceTree = "<group>"; };
		64FCA4342AC8AE3800C0102F /* DailyNews.app */ = {isa = PBXFileReference; explicitFileType = wrapper.application; includeInIndex = 0; path = DailyNews.app; sourceTree = BUILT_PRODUCTS_DIR; };
		64FCA4372AC8AE3800C0102F /* AppDelegate.swift */ = {isa = PBXFileReference; lastKnownFileType = sourcecode.swift; path = AppDelegate.swift; sourceTree = "<group>"; };
		64FCA4392AC8AE3800C0102F /* SceneDelegate.swift */ = {isa = PBXFileReference; lastKnownFileType = sourcecode.swift; path = SceneDelegate.swift; sourceTree = "<group>"; };
		64FCA43B2AC8AE3800C0102F /* ViewController.swift */ = {isa = PBXFileReference; lastKnownFileType = sourcecode.swift; path = ViewController.swift; sourceTree = "<group>"; };
		64FCA4402AC8AE3A00C0102F /* Assets.xcassets */ = {isa = PBXFileReference; lastKnownFileType = folder.assetcatalog; path = Assets.xcassets; sourceTree = "<group>"; };
		64FCA4432AC8AE3A00C0102F /* Base */ = {isa = PBXFileReference; lastKnownFileType = file.storyboard; name = Base; path = Base.lproj/LaunchScreen.storyboard; sourceTree = "<group>"; };
		64FCA4452AC8AE3A00C0102F /* Info.plist */ = {isa = PBXFileReference; lastKnownFileType = text.plist.xml; path = Info.plist; sourceTree = "<group>"; };
		64FCA4522AC8B42100C0102F /* HomeController.swift */ = {isa = PBXFileReference; lastKnownFileType = sourcecode.swift; path = HomeController.swift; sourceTree = "<group>"; };
		64FCA4542AC8BAB700C0102F /* ReusableView.swift */ = {isa = PBXFileReference; lastKnownFileType = sourcecode.swift; path = ReusableView.swift; sourceTree = "<group>"; };
/* End PBXFileReference section */

/* Begin PBXFrameworksBuildPhase section */
		64FCA4312AC8AE3800C0102F /* Frameworks */ = {
			isa = PBXFrameworksBuildPhase;
			buildActionMask = 2147483647;
			files = (
				64AE92C32AF1208F00969959 /* Kingfisher in Frameworks */,
			);
			runOnlyForDeploymentPostprocessing = 0;
		};
/* End PBXFrameworksBuildPhase section */

/* Begin PBXGroup section */
		648FDD5B2AEFA721001CC031 /* Utils */ = {
			isa = PBXGroup;
			children = (
				648FDD602AEFBC54001CC031 /* Cells */,
				64AE92B82AEFE61600969959 /* Constants.swift */,
			);
			path = Utils;
			sourceTree = "<group>";
		};
		648FDD5C2AEFB9DF001CC031 /* Home */ = {
			isa = PBXGroup;
			children = (
				64AE92BE2AF11EDA00969959 /* Model */,
				64AE92BF2AF11EDD00969959 /* View */,
				64AE92C02AF11EE000969959 /* ViewModel */,
			);
			path = Home;
			sourceTree = "<group>";
		};
		648FDD602AEFBC54001CC031 /* Cells */ = {
			isa = PBXGroup;
			children = (
				648FDD612AEFBC70001CC031 /* TrendingCell.swift */,
				648FDD752AEFD14C001CC031 /* PopularCell.swift */,
			);
			path = Cells;
			sourceTree = "<group>";
		};
		648FDD632AEFCC95001CC031 /* Search */ = {
			isa = PBXGroup;
			children = (
				648FDD642AEFCCA9001CC031 /* Model */,
				648FDD652AEFCCAB001CC031 /* View */,
				648FDD662AEFCD1D001CC031 /* ViewModel */,
			);
			path = Search;
			sourceTree = "<group>";
		};
		648FDD642AEFCCA9001CC031 /* Model */ = {
			isa = PBXGroup;
			children = (
			);
			path = Model;
			sourceTree = "<group>";
		};
		648FDD652AEFCCAB001CC031 /* View */ = {
			isa = PBXGroup;
			children = (
				648FDD672AEFCD3C001CC031 /* SearchController.swift */,
			);
			path = View;
			sourceTree = "<group>";
		};
		648FDD662AEFCD1D001CC031 /* ViewModel */ = {
			isa = PBXGroup;
			children = (
				6474B69C2AF18ED0003B72DF /* SearchViewModel.swift */,
			);
			path = ViewModel;
			sourceTree = "<group>";
		};
		648FDD692AEFCD8E001CC031 /* Saved */ = {
			isa = PBXGroup;
			children = (
				648FDD702AEFCDDA001CC031 /* Model */,
				648FDD6F2AEFCDD2001CC031 /* View */,
				648FDD6E2AEFCDC7001CC031 /* ViewModel */,
			);
			path = Saved;
			sourceTree = "<group>";
		};
		648FDD6A2AEFCD93001CC031 /* Profile */ = {
			isa = PBXGroup;
			children = (
				648FDD6B2AEFCDA1001CC031 /* Model */,
				648FDD6C2AEFCDA6001CC031 /* View */,
				648FDD6D2AEFCDA9001CC031 /* ViewModel */,
			);
			path = Profile;
			sourceTree = "<group>";
		};
		648FDD6B2AEFCDA1001CC031 /* Model */ = {
			isa = PBXGroup;
			children = (
			);
			path = Model;
			sourceTree = "<group>";
		};
		648FDD6C2AEFCDA6001CC031 /* View */ = {
			isa = PBXGroup;
			children = (
				648FDD712AEFCDFA001CC031 /* ProfileController.swift */,
			);
			path = View;
			sourceTree = "<group>";
		};
		648FDD6D2AEFCDA9001CC031 /* ViewModel */ = {
			isa = PBXGroup;
			children = (
			);
			path = ViewModel;
			sourceTree = "<group>";
		};
		648FDD6E2AEFCDC7001CC031 /* ViewModel */ = {
			isa = PBXGroup;
			children = (
			);
			path = ViewModel;
			sourceTree = "<group>";
		};
		648FDD6F2AEFCDD2001CC031 /* View */ = {
			isa = PBXGroup;
			children = (
				648FDD732AEFCE05001CC031 /* SavedController.swift */,
			);
			path = View;
			sourceTree = "<group>";
		};
		648FDD702AEFCDDA001CC031 /* Model */ = {
			isa = PBXGroup;
			children = (
			);
			path = Model;
			sourceTree = "<group>";
		};
		64AE92BE2AF11EDA00969959 /* Model */ = {
			isa = PBXGroup;
			children = (
				64AE92BA2AF036BD00969959 /* Trending.swift */,
			);
			path = Model;
			sourceTree = "<group>";
		};
		64AE92BF2AF11EDD00969959 /* View */ = {
			isa = PBXGroup;
			children = (
				64FCA4522AC8B42100C0102F /* HomeController.swift */,
			);
			path = View;
			sourceTree = "<group>";
		};
		64AE92C02AF11EE000969959 /* ViewModel */ = {
			isa = PBXGroup;
			children = (
				64AE92BC2AF11E1400969959 /* HomeViewModel.swift */,
			);
			path = ViewModel;
			sourceTree = "<group>";
		};
		64FCA42B2AC8AE3800C0102F = {
			isa = PBXGroup;
			children = (
				64FCA4362AC8AE3800C0102F /* DailyNews */,
				64FCA4352AC8AE3800C0102F /* Products */,
			);
			sourceTree = "<group>";
		};
		64FCA4352AC8AE3800C0102F /* Products */ = {
			isa = PBXGroup;
			children = (
				64FCA4342AC8AE3800C0102F /* DailyNews.app */,
			);
			name = Products;
			sourceTree = "<group>";
		};
		64FCA4362AC8AE3800C0102F /* DailyNews */ = {
			isa = PBXGroup;
			children = (
				648FDD5B2AEFA721001CC031 /* Utils */,
				64FCA4502AC8B3A600C0102F /* Core */,
				64FCA44F2AC8B3A100C0102F /* Network */,
				64FCA44E2AC8B39B00C0102F /* Extensions */,
				64FCA4512AC8B3BB00C0102F /* Screens */,
			);
			path = DailyNews;
			sourceTree = "<group>";
		};
		64FCA44E2AC8B39B00C0102F /* Extensions */ = {
			isa = PBXGroup;
			children = (
				64FCA4542AC8BAB700C0102F /* ReusableView.swift */,
			);
			path = Extensions;
			sourceTree = "<group>";
		};
		64FCA44F2AC8B3A100C0102F /* Network */ = {
			isa = PBXGroup;
			children = (
				64AE92B62AEFE54000969959 /* NetworkManager.swift */,
			);
			path = Network;
			sourceTree = "<group>";
		};
		64FCA4502AC8B3A600C0102F /* Core */ = {
			isa = PBXGroup;
			children = (
				64FCA43B2AC8AE3800C0102F /* ViewController.swift */,
				64FCA4422AC8AE3A00C0102F /* LaunchScreen.storyboard */,
				64FCA4372AC8AE3800C0102F /* AppDelegate.swift */,
				64FCA4392AC8AE3800C0102F /* SceneDelegate.swift */,
				64FCA4402AC8AE3A00C0102F /* Assets.xcassets */,
				64FCA4452AC8AE3A00C0102F /* Info.plist */,
			);
			path = Core;
			sourceTree = "<group>";
		};
		64FCA4512AC8B3BB00C0102F /* Screens */ = {
			isa = PBXGroup;
			children = (
				648FDD5C2AEFB9DF001CC031 /* Home */,
				648FDD632AEFCC95001CC031 /* Search */,
				648FDD692AEFCD8E001CC031 /* Saved */,
				648FDD6A2AEFCD93001CC031 /* Profile */,
			);
			path = Screens;
			sourceTree = "<group>";
		};
/* End PBXGroup section */

/* Begin PBXNativeTarget section */
		64FCA4332AC8AE3800C0102F /* DailyNews */ = {
			isa = PBXNativeTarget;
			buildConfigurationList = 64FCA4482AC8AE3A00C0102F /* Build configuration list for PBXNativeTarget "DailyNews" */;
			buildPhases = (
				64FCA4302AC8AE3800C0102F /* Sources */,
				64FCA4312AC8AE3800C0102F /* Frameworks */,
				64FCA4322AC8AE3800C0102F /* Resources */,
			);
			buildRules = (
			);
			dependencies = (
			);
			name = DailyNews;
			packageProductDependencies = (
				64AE92C22AF1208F00969959 /* Kingfisher */,
			);
			productName = DailyNews;
			productReference = 64FCA4342AC8AE3800C0102F /* DailyNews.app */;
			productType = "com.apple.product-type.application";
		};
/* End PBXNativeTarget section */

/* Begin PBXProject section */
		64FCA42C2AC8AE3800C0102F /* Project object */ = {
			isa = PBXProject;
			attributes = {
				BuildIndependentTargetsInParallel = 1;
				LastSwiftUpdateCheck = 1420;
				LastUpgradeCheck = 1420;
				TargetAttributes = {
					64FCA4332AC8AE3800C0102F = {
						CreatedOnToolsVersion = 14.2;
					};
				};
			};
			buildConfigurationList = 64FCA42F2AC8AE3800C0102F /* Build configuration list for PBXProject "DailyNews" */;
			compatibilityVersion = "Xcode 14.0";
			developmentRegion = en;
			hasScannedForEncodings = 0;
			knownRegions = (
				en,
				Base,
			);
			mainGroup = 64FCA42B2AC8AE3800C0102F;
			packageReferences = (
				64AE92C12AF1208F00969959 /* XCRemoteSwiftPackageReference "Kingfisher" */,
			);
			productRefGroup = 64FCA4352AC8AE3800C0102F /* Products */;
			projectDirPath = "";
			projectRoot = "";
			targets = (
				64FCA4332AC8AE3800C0102F /* DailyNews */,
			);
		};
/* End PBXProject section */

/* Begin PBXResourcesBuildPhase section */
		64FCA4322AC8AE3800C0102F /* Resources */ = {
			isa = PBXResourcesBuildPhase;
			buildActionMask = 2147483647;
			files = (
				64FCA4442AC8AE3A00C0102F /* LaunchScreen.storyboard in Resources */,
				64FCA4412AC8AE3A00C0102F /* Assets.xcassets in Resources */,
			);
			runOnlyForDeploymentPostprocessing = 0;
		};
/* End PBXResourcesBuildPhase section */

/* Begin PBXSourcesBuildPhase section */
		64FCA4302AC8AE3800C0102F /* Sources */ = {
			isa = PBXSourcesBuildPhase;
			buildActionMask = 2147483647;
			files = (
				64FCA4532AC8B42100C0102F /* HomeController.swift in Sources */,
				64FCA4552AC8BAB700C0102F /* ReusableView.swift in Sources */,
				648FDD622AEFBC70001CC031 /* TrendingCell.swift in Sources */,
				648FDD762AEFD14C001CC031 /* PopularCell.swift in Sources */,
				64AE92BB2AF036BD00969959 /* Trending.swift in Sources */,
				64AE92B72AEFE54000969959 /* NetworkManager.swift in Sources */,
				6474B69D2AF18ED0003B72DF /* SearchViewModel.swift in Sources */,
				648FDD682AEFCD3C001CC031 /* SearchController.swift in Sources */,
				64FCA43C2AC8AE3800C0102F /* ViewController.swift in Sources */,
				648FDD742AEFCE05001CC031 /* SavedController.swift in Sources */,
				64AE92BD2AF11E1400969959 /* HomeViewModel.swift in Sources */,
				64FCA4382AC8AE3800C0102F /* AppDelegate.swift in Sources */,
				64FCA43A2AC8AE3800C0102F /* SceneDelegate.swift in Sources */,
				648FDD722AEFCDFA001CC031 /* ProfileController.swift in Sources */,
				64AE92B92AEFE61600969959 /* Constants.swift in Sources */,
			);
			runOnlyForDeploymentPostprocessing = 0;
		};
/* End PBXSourcesBuildPhase section */

/* Begin PBXVariantGroup section */
		64FCA4422AC8AE3A00C0102F /* LaunchScreen.storyboard */ = {
			isa = PBXVariantGroup;
			children = (
				64FCA4432AC8AE3A00C0102F /* Base */,
			);
			name = LaunchScreen.storyboard;
			sourceTree = "<group>";
		};
/* End PBXVariantGroup section */

/* Begin XCBuildConfiguration section */
		64FCA4462AC8AE3A00C0102F /* Debug */ = {
			isa = XCBuildConfiguration;
			buildSettings = {
				ALWAYS_SEARCH_USER_PATHS = NO;
				CLANG_ANALYZER_NONNULL = YES;
				CLANG_ANALYZER_NUMBER_OBJECT_CONVERSION = YES_AGGRESSIVE;
				CLANG_CXX_LANGUAGE_STANDARD = "gnu++20";
				CLANG_ENABLE_MODULES = YES;
				CLANG_ENABLE_OBJC_ARC = YES;
				CLANG_ENABLE_OBJC_WEAK = YES;
				CLANG_WARN_BLOCK_CAPTURE_AUTORELEASING = YES;
				CLANG_WARN_BOOL_CONVERSION = YES;
				CLANG_WARN_COMMA = YES;
				CLANG_WARN_CONSTANT_CONVERSION = YES;
				CLANG_WARN_DEPRECATED_OBJC_IMPLEMENTATIONS = YES;
				CLANG_WARN_DIRECT_OBJC_ISA_USAGE = YES_ERROR;
				CLANG_WARN_DOCUMENTATION_COMMENTS = YES;
				CLANG_WARN_EMPTY_BODY = YES;
				CLANG_WARN_ENUM_CONVERSION = YES;
				CLANG_WARN_INFINITE_RECURSION = YES;
				CLANG_WARN_INT_CONVERSION = YES;
				CLANG_WARN_NON_LITERAL_NULL_CONVERSION = YES;
				CLANG_WARN_OBJC_IMPLICIT_RETAIN_SELF = YES;
				CLANG_WARN_OBJC_LITERAL_CONVERSION = YES;
				CLANG_WARN_OBJC_ROOT_CLASS = YES_ERROR;
				CLANG_WARN_QUOTED_INCLUDE_IN_FRAMEWORK_HEADER = YES;
				CLANG_WARN_RANGE_LOOP_ANALYSIS = YES;
				CLANG_WARN_STRICT_PROTOTYPES = YES;
				CLANG_WARN_SUSPICIOUS_MOVE = YES;
				CLANG_WARN_UNGUARDED_AVAILABILITY = YES_AGGRESSIVE;
				CLANG_WARN_UNREACHABLE_CODE = YES;
				CLANG_WARN__DUPLICATE_METHOD_MATCH = YES;
				COPY_PHASE_STRIP = NO;
				DEBUG_INFORMATION_FORMAT = dwarf;
				ENABLE_STRICT_OBJC_MSGSEND = YES;
				ENABLE_TESTABILITY = YES;
				GCC_C_LANGUAGE_STANDARD = gnu11;
				GCC_DYNAMIC_NO_PIC = NO;
				GCC_NO_COMMON_BLOCKS = YES;
				GCC_OPTIMIZATION_LEVEL = 0;
				GCC_PREPROCESSOR_DEFINITIONS = (
					"DEBUG=1",
					"$(inherited)",
				);
				GCC_WARN_64_TO_32_BIT_CONVERSION = YES;
				GCC_WARN_ABOUT_RETURN_TYPE = YES_ERROR;
				GCC_WARN_UNDECLARED_SELECTOR = YES;
				GCC_WARN_UNINITIALIZED_AUTOS = YES_AGGRESSIVE;
				GCC_WARN_UNUSED_FUNCTION = YES;
				GCC_WARN_UNUSED_VARIABLE = YES;
				IPHONEOS_DEPLOYMENT_TARGET = 16.2;
				MTL_ENABLE_DEBUG_INFO = INCLUDE_SOURCE;
				MTL_FAST_MATH = YES;
				ONLY_ACTIVE_ARCH = YES;
				SDKROOT = iphoneos;
				SWIFT_ACTIVE_COMPILATION_CONDITIONS = DEBUG;
				SWIFT_OPTIMIZATION_LEVEL = "-Onone";
			};
			name = Debug;
		};
		64FCA4472AC8AE3A00C0102F /* Release */ = {
			isa = XCBuildConfiguration;
			buildSettings = {
				ALWAYS_SEARCH_USER_PATHS = NO;
				CLANG_ANALYZER_NONNULL = YES;
				CLANG_ANALYZER_NUMBER_OBJECT_CONVERSION = YES_AGGRESSIVE;
				CLANG_CXX_LANGUAGE_STANDARD = "gnu++20";
				CLANG_ENABLE_MODULES = YES;
				CLANG_ENABLE_OBJC_ARC = YES;
				CLANG_ENABLE_OBJC_WEAK = YES;
				CLANG_WARN_BLOCK_CAPTURE_AUTORELEASING = YES;
				CLANG_WARN_BOOL_CONVERSION = YES;
				CLANG_WARN_COMMA = YES;
				CLANG_WARN_CONSTANT_CONVERSION = YES;
				CLANG_WARN_DEPRECATED_OBJC_IMPLEMENTATIONS = YES;
				CLANG_WARN_DIRECT_OBJC_ISA_USAGE = YES_ERROR;
				CLANG_WARN_DOCUMENTATION_COMMENTS = YES;
				CLANG_WARN_EMPTY_BODY = YES;
				CLANG_WARN_ENUM_CONVERSION = YES;
				CLANG_WARN_INFINITE_RECURSION = YES;
				CLANG_WARN_INT_CONVERSION = YES;
				CLANG_WARN_NON_LITERAL_NULL_CONVERSION = YES;
				CLANG_WARN_OBJC_IMPLICIT_RETAIN_SELF = YES;
				CLANG_WARN_OBJC_LITERAL_CONVERSION = YES;
				CLANG_WARN_OBJC_ROOT_CLASS = YES_ERROR;
				CLANG_WARN_QUOTED_INCLUDE_IN_FRAMEWORK_HEADER = YES;
				CLANG_WARN_RANGE_LOOP_ANALYSIS = YES;
				CLANG_WARN_STRICT_PROTOTYPES = YES;
				CLANG_WARN_SUSPICIOUS_MOVE = YES;
				CLANG_WARN_UNGUARDED_AVAILABILITY = YES_AGGRESSIVE;
				CLANG_WARN_UNREACHABLE_CODE = YES;
				CLANG_WARN__DUPLICATE_METHOD_MATCH = YES;
				COPY_PHASE_STRIP = NO;
				DEBUG_INFORMATION_FORMAT = "dwarf-with-dsym";
				ENABLE_NS_ASSERTIONS = NO;
				ENABLE_STRICT_OBJC_MSGSEND = YES;
				GCC_C_LANGUAGE_STANDARD = gnu11;
				GCC_NO_COMMON_BLOCKS = YES;
				GCC_WARN_64_TO_32_BIT_CONVERSION = YES;
				GCC_WARN_ABOUT_RETURN_TYPE = YES_ERROR;
				GCC_WARN_UNDECLARED_SELECTOR = YES;
				GCC_WARN_UNINITIALIZED_AUTOS = YES_AGGRESSIVE;
				GCC_WARN_UNUSED_FUNCTION = YES;
				GCC_WARN_UNUSED_VARIABLE = YES;
				IPHONEOS_DEPLOYMENT_TARGET = 16.2;
				MTL_ENABLE_DEBUG_INFO = NO;
				MTL_FAST_MATH = YES;
				SDKROOT = iphoneos;
				SWIFT_COMPILATION_MODE = wholemodule;
				SWIFT_OPTIMIZATION_LEVEL = "-O";
				VALIDATE_PRODUCT = YES;
			};
			name = Release;
		};
		64FCA4492AC8AE3A00C0102F /* Debug */ = {
			isa = XCBuildConfiguration;
			buildSettings = {
				ASSETCATALOG_COMPILER_APPICON_NAME = AppIcon;
				ASSETCATALOG_COMPILER_GLOBAL_ACCENT_COLOR_NAME = AccentColor;
				CODE_SIGN_STYLE = Automatic;
				CURRENT_PROJECT_VERSION = 1;
				GENERATE_INFOPLIST_FILE = YES;
				INFOPLIST_FILE = DailyNews/Core/Info.plist;
				INFOPLIST_KEY_UIApplicationSupportsIndirectInputEvents = YES;
				INFOPLIST_KEY_UILaunchStoryboardName = LaunchScreen;
				INFOPLIST_KEY_UISupportedInterfaceOrientations_iPad = "UIInterfaceOrientationPortrait UIInterfaceOrientationPortraitUpsideDown UIInterfaceOrientationLandscapeLeft UIInterfaceOrientationLandscapeRight";
				INFOPLIST_KEY_UISupportedInterfaceOrientations_iPhone = "UIInterfaceOrientationPortrait UIInterfaceOrientationLandscapeLeft UIInterfaceOrientationLandscapeRight";
				LD_RUNPATH_SEARCH_PATHS = (
					"$(inherited)",
					"@executable_path/Frameworks",
				);
				MARKETING_VERSION = 1.0;
				PRODUCT_BUNDLE_IDENTIFIER = co.bahittin.DailyNews;
				PRODUCT_NAME = "$(TARGET_NAME)";
				SWIFT_EMIT_LOC_STRINGS = YES;
				SWIFT_VERSION = 5.0;
				TARGETED_DEVICE_FAMILY = "1,2";
			};
			name = Debug;
		};
		64FCA44A2AC8AE3A00C0102F /* Release */ = {
			isa = XCBuildConfiguration;
			buildSettings = {
				ASSETCATALOG_COMPILER_APPICON_NAME = AppIcon;
				ASSETCATALOG_COMPILER_GLOBAL_ACCENT_COLOR_NAME = AccentColor;
				CODE_SIGN_STYLE = Automatic;
				CURRENT_PROJECT_VERSION = 1;
				GENERATE_INFOPLIST_FILE = YES;
				INFOPLIST_FILE = DailyNews/Core/Info.plist;
				INFOPLIST_KEY_UIApplicationSupportsIndirectInputEvents = YES;
				INFOPLIST_KEY_UILaunchStoryboardName = LaunchScreen;
				INFOPLIST_KEY_UISupportedInterfaceOrientations_iPad = "UIInterfaceOrientationPortrait UIInterfaceOrientationPortraitUpsideDown UIInterfaceOrientationLandscapeLeft UIInterfaceOrientationLandscapeRight";
				INFOPLIST_KEY_UISupportedInterfaceOrientations_iPhone = "UIInterfaceOrientationPortrait UIInterfaceOrientationLandscapeLeft UIInterfaceOrientationLandscapeRight";
				LD_RUNPATH_SEARCH_PATHS = (
					"$(inherited)",
					"@executable_path/Frameworks",
				);
				MARKETING_VERSION = 1.0;
				PRODUCT_BUNDLE_IDENTIFIER = co.bahittin.DailyNews;
				PRODUCT_NAME = "$(TARGET_NAME)";
				SWIFT_EMIT_LOC_STRINGS = YES;
				SWIFT_VERSION = 5.0;
				TARGETED_DEVICE_FAMILY = "1,2";
			};
			name = Release;
		};
/* End XCBuildConfiguration section */

/* Begin XCConfigurationList section */
		64FCA42F2AC8AE3800C0102F /* Build configuration list for PBXProject "DailyNews" */ = {
			isa = XCConfigurationList;
			buildConfigurations = (
				64FCA4462AC8AE3A00C0102F /* Debug */,
				64FCA4472AC8AE3A00C0102F /* Release */,
			);
			defaultConfigurationIsVisible = 0;
			defaultConfigurationName = Release;
		};
		64FCA4482AC8AE3A00C0102F /* Build configuration list for PBXNativeTarget "DailyNews" */ = {
			isa = XCConfigurationList;
			buildConfigurations = (
				64FCA4492AC8AE3A00C0102F /* Debug */,
				64FCA44A2AC8AE3A00C0102F /* Release */,
			);
			defaultConfigurationIsVisible = 0;
			defaultConfigurationName = Release;
		};
/* End XCConfigurationList section */

/* Begin XCRemoteSwiftPackageReference section */
		64AE92C12AF1208F00969959 /* XCRemoteSwiftPackageReference "Kingfisher" */ = {
			isa = XCRemoteSwiftPackageReference;
			repositoryURL = "https://github.com/onevcat/Kingfisher.git";
			requirement = {
				kind = upToNextMajorVersion;
				minimumVersion = 7.0.0;
			};
		};
/* End XCRemoteSwiftPackageReference section */

/* Begin XCSwiftPackageProductDependency section */
		64AE92C22AF1208F00969959 /* Kingfisher */ = {
			isa = XCSwiftPackageProductDependency;
			package = 64AE92C12AF1208F00969959 /* XCRemoteSwiftPackageReference "Kingfisher" */;
			productName = Kingfisher;
		};
/* End XCSwiftPackageProductDependency section */
	};
	rootObject = 64FCA42C2AC8AE3800C0102F /* Project object */;
}
